// !$*UTF8*$!
{
	archiveVersion = 1;
	classes = {
	};
	objectVersion = 56;
	objects = {

/* Begin PBXBuildFile section */
		BF116A6B2C1C056D00C90267 /* TodoModule.swift in Sources */ = {isa = PBXBuildFile; fileRef = BF116A6A2C1C056D00C90267 /* TodoModule.swift */; };
		BF116A6E2C1C07AC00C90267 /* TodoListView.swift in Sources */ = {isa = PBXBuildFile; fileRef = BF116A6D2C1C07AC00C90267 /* TodoListView.swift */; };
		BF116A702C1C07C100C90267 /* TodoListViewModel.swift in Sources */ = {isa = PBXBuildFile; fileRef = BF116A6F2C1C07C100C90267 /* TodoListViewModel.swift */; };
		BF116A722C1C07F600C90267 /* TodoDetailView.swift in Sources */ = {isa = PBXBuildFile; fileRef = BF116A712C1C07F600C90267 /* TodoDetailView.swift */; };
		BF116A742C1C080B00C90267 /* TodoDetailViewModel.swift in Sources */ = {isa = PBXBuildFile; fileRef = BF116A732C1C080B00C90267 /* TodoDetailViewModel.swift */; };
		BF116A762C1C0F4B00C90267 /* TodoCreateView.swift in Sources */ = {isa = PBXBuildFile; fileRef = BF116A752C1C0F4B00C90267 /* TodoCreateView.swift */; };
		BF116A782C1C105100C90267 /* TodoCreateViewModel.swift in Sources */ = {isa = PBXBuildFile; fileRef = BF116A772C1C105100C90267 /* TodoCreateViewModel.swift */; };
		BF116A7A2C1C14B500C90267 /* TodoService.swift in Sources */ = {isa = PBXBuildFile; fileRef = BF116A792C1C14B500C90267 /* TodoService.swift */; };
		BF116A7C2C1C153C00C90267 /* InMemoryTodoService.swift in Sources */ = {isa = PBXBuildFile; fileRef = BF116A7B2C1C153C00C90267 /* InMemoryTodoService.swift */; };
		BF1B779A2BFC6B9700DF8583 /* AuthService.swift in Sources */ = {isa = PBXBuildFile; fileRef = BF1B77992BFC6B9700DF8583 /* AuthService.swift */; };
		BF1B779C2BFC6C3C00DF8583 /* CognitoAuthService.swift in Sources */ = {isa = PBXBuildFile; fileRef = BF1B779B2BFC6C3C00DF8583 /* CognitoAuthService.swift */; };
		BF1B77A32BFD877C00DF8583 /* ModuleKit in Frameworks */ = {isa = PBXBuildFile; productRef = BF1B77A22BFD877C00DF8583 /* ModuleKit */; };
		BF1B77A52BFD88D900DF8583 /* MainModule.swift in Sources */ = {isa = PBXBuildFile; fileRef = BF1B77A42BFD88D900DF8583 /* MainModule.swift */; };
		BF1B77A72BFD8AE400DF8583 /* SettingsModule.swift in Sources */ = {isa = PBXBuildFile; fileRef = BF1B77A62BFD8AE400DF8583 /* SettingsModule.swift */; };
		BF1B77AB2BFD8D9700DF8583 /* LoginModule.swift in Sources */ = {isa = PBXBuildFile; fileRef = BF1B77AA2BFD8D9700DF8583 /* LoginModule.swift */; };
		BF1B77B02BFD903E00DF8583 /* SignUpModule.swift in Sources */ = {isa = PBXBuildFile; fileRef = BF1B77AF2BFD903E00DF8583 /* SignUpModule.swift */; };
		BF1B77B22BFD963100DF8583 /* PomodoroModule.swift in Sources */ = {isa = PBXBuildFile; fileRef = BF1B77B12BFD963100DF8583 /* PomodoroModule.swift */; };
		BF1B77B62BFDB38E00DF8583 /* ProjectI in Frameworks */ = {isa = PBXBuildFile; productRef = BF1B77B52BFDB38E00DF8583 /* ProjectI */; };
		BF1B77B82BFDC67300DF8583 /* PomodoroRemoteView.swift in Sources */ = {isa = PBXBuildFile; fileRef = BF1B77B72BFDC67300DF8583 /* PomodoroRemoteView.swift */; };
		BF1B77BA2BFDC69700DF8583 /* PomodoroView.swift in Sources */ = {isa = PBXBuildFile; fileRef = BF1B77B92BFDC69700DF8583 /* PomodoroView.swift */; };
		BF1F74742C327C380064ED09 /* FriendsListModule.swift in Sources */ = {isa = PBXBuildFile; fileRef = BF1F74732C327C380064ED09 /* FriendsListModule.swift */; };
		BF1F74762C327C490064ED09 /* FriendsListView.swift in Sources */ = {isa = PBXBuildFile; fileRef = BF1F74752C327C490064ED09 /* FriendsListView.swift */; };
		BF1F74782C3280380064ED09 /* FriendsService.swift in Sources */ = {isa = PBXBuildFile; fileRef = BF1F74772C3280380064ED09 /* FriendsService.swift */; };
		BF1F747A2C3280510064ED09 /* FriendsAPIService.swift in Sources */ = {isa = PBXBuildFile; fileRef = BF1F74792C3280510064ED09 /* FriendsAPIService.swift */; };
		BF1F747C2C32806F0064ED09 /* InMemoryFriendsService.swift in Sources */ = {isa = PBXBuildFile; fileRef = BF1F747B2C32806F0064ED09 /* InMemoryFriendsService.swift */; };
		BF470AB42D0D5C5200BFFC5D /* Model.swift in Sources */ = {isa = PBXBuildFile; fileRef = BF470AB32D0D5C5200BFFC5D /* Model.swift */; };
		BF470AB62D0D5C7C00BFFC5D /* WorkoutModule.swift in Sources */ = {isa = PBXBuildFile; fileRef = BF470AB52D0D5C7C00BFFC5D /* WorkoutModule.swift */; };
		BF470AB82D0D5C8800BFFC5D /* HistoryScreen.swift in Sources */ = {isa = PBXBuildFile; fileRef = BF470AB72D0D5C8800BFFC5D /* HistoryScreen.swift */; };
		BF470ABA2D0D5C9400BFFC5D /* RecordWorkoutScreen.swift in Sources */ = {isa = PBXBuildFile; fileRef = BF470AB92D0D5C9400BFFC5D /* RecordWorkoutScreen.swift */; };
		BF470ABC2D0D713E00BFFC5D /* WorkoutDetailScreen.swift in Sources */ = {isa = PBXBuildFile; fileRef = BF470ABB2D0D713E00BFFC5D /* WorkoutDetailScreen.swift */; };
		BF5794782C1FF1AF00A54D68 /* APITodoService.swift in Sources */ = {isa = PBXBuildFile; fileRef = BF5794772C1FF1AF00A54D68 /* APITodoService.swift */; };
		BF6B9A2F2BF481D800C6F64A /* WebSocketService.swift in Sources */ = {isa = PBXBuildFile; fileRef = BF6B9A2E2BF481D800C6F64A /* WebSocketService.swift */; };
		BF6B9A302BF481D800C6F64A /* TimerView.swift in Sources */ = {isa = PBXBuildFile; fileRef = BF6B9A2D2BF481D800C6F64A /* TimerView.swift */; };
		BF6B9A312BF481D800C6F64A /* PomodoroTimer.swift in Sources */ = {isa = PBXBuildFile; fileRef = BF6B9A282BF481D800C6F64A /* PomodoroTimer.swift */; };
		BF6B9A322BF481D800C6F64A /* PomodoroController.swift in Sources */ = {isa = PBXBuildFile; fileRef = BF6B9A2B2BF481D800C6F64A /* PomodoroController.swift */; };
		BF6B9A332BF481D800C6F64A /* APIGatewayWebSocketService.swift in Sources */ = {isa = PBXBuildFile; fileRef = BF6B9A2C2BF481D800C6F64A /* APIGatewayWebSocketService.swift */; };
		BF6B9A342BF481D800C6F64A /* TimerViewModel.swift in Sources */ = {isa = PBXBuildFile; fileRef = BF6B9A2A2BF481D800C6F64A /* TimerViewModel.swift */; };
		BF6B9A352BF481D800C6F64A /* MenuBarController.swift in Sources */ = {isa = PBXBuildFile; fileRef = BF6B9A292BF481D800C6F64A /* MenuBarController.swift */; };
		BFBAC83A2C59F98600925A1A /* InMemoryAuthService.swift in Sources */ = {isa = PBXBuildFile; fileRef = BFBAC8392C59F98600925A1A /* InMemoryAuthService.swift */; };
		BFC867082C61DF7200F47B47 /* AppStateService.swift in Sources */ = {isa = PBXBuildFile; fileRef = BFC867072C61DF7200F47B47 /* AppStateService.swift */; };
		BFC8670A2C61E00000F47B47 /* DefaultAppStateService.swift in Sources */ = {isa = PBXBuildFile; fileRef = BFC867092C61E00000F47B47 /* DefaultAppStateService.swift */; };
		BFDE29792BF47BD300B2C76A /* MainApp.swift in Sources */ = {isa = PBXBuildFile; fileRef = BFDE29782BF47BD300B2C76A /* MainApp.swift */; };
		BFDE297D2BF47BD400B2C76A /* Assets.xcassets in Resources */ = {isa = PBXBuildFile; fileRef = BFDE297C2BF47BD400B2C76A /* Assets.xcassets */; };
		BFDE29812BF47BD400B2C76A /* Preview Assets.xcassets in Resources */ = {isa = PBXBuildFile; fileRef = BFDE29802BF47BD400B2C76A /* Preview Assets.xcassets */; };
		BFDE298B2BF47BD400B2C76A /* PomodoroAppTests.swift in Sources */ = {isa = PBXBuildFile; fileRef = BFDE298A2BF47BD400B2C76A /* PomodoroAppTests.swift */; };
		BFDE29952BF47BD400B2C76A /* PomodoroAppUITests.swift in Sources */ = {isa = PBXBuildFile; fileRef = BFDE29942BF47BD400B2C76A /* PomodoroAppUITests.swift */; };
		BFDE29972BF47BD400B2C76A /* PomodoroAppUITestsLaunchTests.swift in Sources */ = {isa = PBXBuildFile; fileRef = BFDE29962BF47BD400B2C76A /* PomodoroAppUITestsLaunchTests.swift */; };
		D412BE672C43A903003BA88D /* ChatModule.swift in Sources */ = {isa = PBXBuildFile; fileRef = D412BE662C43A903003BA88D /* ChatModule.swift */; };
		D412BE692C43A91D003BA88D /* ChatListView.swift in Sources */ = {isa = PBXBuildFile; fileRef = D412BE682C43A91D003BA88D /* ChatListView.swift */; };
		D412BE6B2C43A939003BA88D /* ChatDetailView.swift in Sources */ = {isa = PBXBuildFile; fileRef = D412BE6A2C43A939003BA88D /* ChatDetailView.swift */; };
		D4873F6B2C58B2C800F428C6 /* InMemoryChatService.swift in Sources */ = {isa = PBXBuildFile; fileRef = D4873F6A2C58B2C800F428C6 /* InMemoryChatService.swift */; };
		D4873F6D2C5B529F00F428C6 /* User.swift in Sources */ = {isa = PBXBuildFile; fileRef = D4873F6C2C5B529F00F428C6 /* User.swift */; };
		D4873F702C5B52D400F428C6 /* Message.swift in Sources */ = {isa = PBXBuildFile; fileRef = D4873F6F2C5B52D400F428C6 /* Message.swift */; };
		D4873F742C5B531F00F428C6 /* ChatListViewModel.swift in Sources */ = {isa = PBXBuildFile; fileRef = D4873F732C5B531F00F428C6 /* ChatListViewModel.swift */; };
		D4873F762C5B5A5900F428C6 /* UserTitleView.swift in Sources */ = {isa = PBXBuildFile; fileRef = D4873F752C5B5A5900F428C6 /* UserTitleView.swift */; };
		D4873F782C602B0300F428C6 /* Chat.swift in Sources */ = {isa = PBXBuildFile; fileRef = D4873F772C602B0300F428C6 /* Chat.swift */; };
		D4B260582C52185900DA94D1 /* ChatDetailViewModel.swift in Sources */ = {isa = PBXBuildFile; fileRef = D4B260572C52185900DA94D1 /* ChatDetailViewModel.swift */; };
		D4B2605A2C5219B800DA94D1 /* ChatService.swift in Sources */ = {isa = PBXBuildFile; fileRef = D4B260592C5219B800DA94D1 /* ChatService.swift */; };
		D4B2605C2C521A6F00DA94D1 /* APIChatService.swift in Sources */ = {isa = PBXBuildFile; fileRef = D4B2605B2C521A6F00DA94D1 /* APIChatService.swift */; };
/* End PBXBuildFile section */

/* Begin PBXContainerItemProxy section */
		BFDE29872BF47BD400B2C76A /* PBXContainerItemProxy */ = {
			isa = PBXContainerItemProxy;
			containerPortal = BFDE296D2BF47BD300B2C76A /* Project object */;
			proxyType = 1;
			remoteGlobalIDString = BFDE29742BF47BD300B2C76A;
			remoteInfo = PomodoroApp;
		};
		BFDE29912BF47BD400B2C76A /* PBXContainerItemProxy */ = {
			isa = PBXContainerItemProxy;
			containerPortal = BFDE296D2BF47BD300B2C76A /* Project object */;
			proxyType = 1;
			remoteGlobalIDString = BFDE29742BF47BD300B2C76A;
			remoteInfo = PomodoroApp;
		};
/* End PBXContainerItemProxy section */

/* Begin PBXFileReference section */
		BF116A6A2C1C056D00C90267 /* TodoModule.swift */ = {isa = PBXFileReference; lastKnownFileType = sourcecode.swift; path = TodoModule.swift; sourceTree = "<group>"; };
		BF116A6D2C1C07AC00C90267 /* TodoListView.swift */ = {isa = PBXFileReference; lastKnownFileType = sourcecode.swift; path = TodoListView.swift; sourceTree = "<group>"; };
		BF116A6F2C1C07C100C90267 /* TodoListViewModel.swift */ = {isa = PBXFileReference; lastKnownFileType = sourcecode.swift; path = TodoListViewModel.swift; sourceTree = "<group>"; };
		BF116A712C1C07F600C90267 /* TodoDetailView.swift */ = {isa = PBXFileReference; lastKnownFileType = sourcecode.swift; path = TodoDetailView.swift; sourceTree = "<group>"; };
		BF116A732C1C080B00C90267 /* TodoDetailViewModel.swift */ = {isa = PBXFileReference; lastKnownFileType = sourcecode.swift; path = TodoDetailViewModel.swift; sourceTree = "<group>"; };
		BF116A752C1C0F4B00C90267 /* TodoCreateView.swift */ = {isa = PBXFileReference; lastKnownFileType = sourcecode.swift; path = TodoCreateView.swift; sourceTree = "<group>"; };
		BF116A772C1C105100C90267 /* TodoCreateViewModel.swift */ = {isa = PBXFileReference; lastKnownFileType = sourcecode.swift; path = TodoCreateViewModel.swift; sourceTree = "<group>"; };
		BF116A792C1C14B500C90267 /* TodoService.swift */ = {isa = PBXFileReference; lastKnownFileType = sourcecode.swift; path = TodoService.swift; sourceTree = "<group>"; };
		BF116A7B2C1C153C00C90267 /* InMemoryTodoService.swift */ = {isa = PBXFileReference; lastKnownFileType = sourcecode.swift; path = InMemoryTodoService.swift; sourceTree = "<group>"; };
		BF1B77992BFC6B9700DF8583 /* AuthService.swift */ = {isa = PBXFileReference; lastKnownFileType = sourcecode.swift; path = AuthService.swift; sourceTree = "<group>"; };
		BF1B779B2BFC6C3C00DF8583 /* CognitoAuthService.swift */ = {isa = PBXFileReference; lastKnownFileType = sourcecode.swift; path = CognitoAuthService.swift; sourceTree = "<group>"; };
		BF1B77A42BFD88D900DF8583 /* MainModule.swift */ = {isa = PBXFileReference; lastKnownFileType = sourcecode.swift; path = MainModule.swift; sourceTree = "<group>"; };
		BF1B77A62BFD8AE400DF8583 /* SettingsModule.swift */ = {isa = PBXFileReference; lastKnownFileType = sourcecode.swift; path = SettingsModule.swift; sourceTree = "<group>"; };
		BF1B77AA2BFD8D9700DF8583 /* LoginModule.swift */ = {isa = PBXFileReference; lastKnownFileType = sourcecode.swift; path = LoginModule.swift; sourceTree = "<group>"; };
		BF1B77AF2BFD903E00DF8583 /* SignUpModule.swift */ = {isa = PBXFileReference; lastKnownFileType = sourcecode.swift; path = SignUpModule.swift; sourceTree = "<group>"; };
		BF1B77B12BFD963100DF8583 /* PomodoroModule.swift */ = {isa = PBXFileReference; lastKnownFileType = sourcecode.swift; path = PomodoroModule.swift; sourceTree = "<group>"; };
		BF1B77B72BFDC67300DF8583 /* PomodoroRemoteView.swift */ = {isa = PBXFileReference; lastKnownFileType = sourcecode.swift; path = PomodoroRemoteView.swift; sourceTree = "<group>"; };
		BF1B77B92BFDC69700DF8583 /* PomodoroView.swift */ = {isa = PBXFileReference; lastKnownFileType = sourcecode.swift; path = PomodoroView.swift; sourceTree = "<group>"; };
		BF1F74732C327C380064ED09 /* FriendsListModule.swift */ = {isa = PBXFileReference; lastKnownFileType = sourcecode.swift; path = FriendsListModule.swift; sourceTree = "<group>"; };
		BF1F74752C327C490064ED09 /* FriendsListView.swift */ = {isa = PBXFileReference; lastKnownFileType = sourcecode.swift; path = FriendsListView.swift; sourceTree = "<group>"; };
		BF1F74772C3280380064ED09 /* FriendsService.swift */ = {isa = PBXFileReference; lastKnownFileType = sourcecode.swift; path = FriendsService.swift; sourceTree = "<group>"; };
		BF1F74792C3280510064ED09 /* FriendsAPIService.swift */ = {isa = PBXFileReference; lastKnownFileType = sourcecode.swift; path = FriendsAPIService.swift; sourceTree = "<group>"; };
		BF1F747B2C32806F0064ED09 /* InMemoryFriendsService.swift */ = {isa = PBXFileReference; lastKnownFileType = sourcecode.swift; path = InMemoryFriendsService.swift; sourceTree = "<group>"; };
		BF470AB32D0D5C5200BFFC5D /* Model.swift */ = {isa = PBXFileReference; lastKnownFileType = sourcecode.swift; path = Model.swift; sourceTree = "<group>"; };
		BF470AB52D0D5C7C00BFFC5D /* WorkoutModule.swift */ = {isa = PBXFileReference; lastKnownFileType = sourcecode.swift; path = WorkoutModule.swift; sourceTree = "<group>"; };
		BF470AB72D0D5C8800BFFC5D /* HistoryScreen.swift */ = {isa = PBXFileReference; lastKnownFileType = sourcecode.swift; path = HistoryScreen.swift; sourceTree = "<group>"; };
		BF470AB92D0D5C9400BFFC5D /* RecordWorkoutScreen.swift */ = {isa = PBXFileReference; lastKnownFileType = sourcecode.swift; path = RecordWorkoutScreen.swift; sourceTree = "<group>"; };
		BF470ABB2D0D713E00BFFC5D /* WorkoutDetailScreen.swift */ = {isa = PBXFileReference; lastKnownFileType = sourcecode.swift; path = WorkoutDetailScreen.swift; sourceTree = "<group>"; };
		BF5794772C1FF1AF00A54D68 /* APITodoService.swift */ = {isa = PBXFileReference; lastKnownFileType = sourcecode.swift; path = APITodoService.swift; sourceTree = "<group>"; };
		BF6B9A282BF481D800C6F64A /* PomodoroTimer.swift */ = {isa = PBXFileReference; lastKnownFileType = sourcecode.swift; path = PomodoroTimer.swift; sourceTree = "<group>"; };
		BF6B9A292BF481D800C6F64A /* MenuBarController.swift */ = {isa = PBXFileReference; lastKnownFileType = sourcecode.swift; path = MenuBarController.swift; sourceTree = "<group>"; };
		BF6B9A2A2BF481D800C6F64A /* TimerViewModel.swift */ = {isa = PBXFileReference; lastKnownFileType = sourcecode.swift; path = TimerViewModel.swift; sourceTree = "<group>"; };
		BF6B9A2B2BF481D800C6F64A /* PomodoroController.swift */ = {isa = PBXFileReference; lastKnownFileType = sourcecode.swift; path = PomodoroController.swift; sourceTree = "<group>"; };
		BF6B9A2C2BF481D800C6F64A /* APIGatewayWebSocketService.swift */ = {isa = PBXFileReference; lastKnownFileType = sourcecode.swift; path = APIGatewayWebSocketService.swift; sourceTree = "<group>"; };
		BF6B9A2D2BF481D800C6F64A /* TimerView.swift */ = {isa = PBXFileReference; lastKnownFileType = sourcecode.swift; path = TimerView.swift; sourceTree = "<group>"; };
		BF6B9A2E2BF481D800C6F64A /* WebSocketService.swift */ = {isa = PBXFileReference; lastKnownFileType = sourcecode.swift; path = WebSocketService.swift; sourceTree = "<group>"; };
		BF6B9A362BF4824600C6F64A /* Info.plist */ = {isa = PBXFileReference; lastKnownFileType = text.plist; path = Info.plist; sourceTree = "<group>"; };
		BFBAC8392C59F98600925A1A /* InMemoryAuthService.swift */ = {isa = PBXFileReference; lastKnownFileType = sourcecode.swift; path = InMemoryAuthService.swift; sourceTree = "<group>"; };
		BFC867072C61DF7200F47B47 /* AppStateService.swift */ = {isa = PBXFileReference; lastKnownFileType = sourcecode.swift; path = AppStateService.swift; sourceTree = "<group>"; };
		BFC867092C61E00000F47B47 /* DefaultAppStateService.swift */ = {isa = PBXFileReference; lastKnownFileType = sourcecode.swift; path = DefaultAppStateService.swift; sourceTree = "<group>"; };
		BFDE29752BF47BD300B2C76A /* PomodoroApp.app */ = {isa = PBXFileReference; explicitFileType = wrapper.application; includeInIndex = 0; path = PomodoroApp.app; sourceTree = BUILT_PRODUCTS_DIR; };
		BFDE29782BF47BD300B2C76A /* MainApp.swift */ = {isa = PBXFileReference; lastKnownFileType = sourcecode.swift; path = MainApp.swift; sourceTree = "<group>"; };
		BFDE297C2BF47BD400B2C76A /* Assets.xcassets */ = {isa = PBXFileReference; lastKnownFileType = folder.assetcatalog; path = Assets.xcassets; sourceTree = "<group>"; };
		BFDE297E2BF47BD400B2C76A /* PomodoroApp.entitlements */ = {isa = PBXFileReference; lastKnownFileType = text.plist.entitlements; path = PomodoroApp.entitlements; sourceTree = "<group>"; };
		BFDE29802BF47BD400B2C76A /* Preview Assets.xcassets */ = {isa = PBXFileReference; lastKnownFileType = folder.assetcatalog; path = "Preview Assets.xcassets"; sourceTree = "<group>"; };
		BFDE29862BF47BD400B2C76A /* PomodoroAppTests.xctest */ = {isa = PBXFileReference; explicitFileType = wrapper.cfbundle; includeInIndex = 0; path = PomodoroAppTests.xctest; sourceTree = BUILT_PRODUCTS_DIR; };
		BFDE298A2BF47BD400B2C76A /* PomodoroAppTests.swift */ = {isa = PBXFileReference; lastKnownFileType = sourcecode.swift; path = PomodoroAppTests.swift; sourceTree = "<group>"; };
		BFDE29902BF47BD400B2C76A /* PomodoroAppUITests.xctest */ = {isa = PBXFileReference; explicitFileType = wrapper.cfbundle; includeInIndex = 0; path = PomodoroAppUITests.xctest; sourceTree = BUILT_PRODUCTS_DIR; };
		BFDE29942BF47BD400B2C76A /* PomodoroAppUITests.swift */ = {isa = PBXFileReference; lastKnownFileType = sourcecode.swift; path = PomodoroAppUITests.swift; sourceTree = "<group>"; };
		BFDE29962BF47BD400B2C76A /* PomodoroAppUITestsLaunchTests.swift */ = {isa = PBXFileReference; lastKnownFileType = sourcecode.swift; path = PomodoroAppUITestsLaunchTests.swift; sourceTree = "<group>"; };
		D412BE662C43A903003BA88D /* ChatModule.swift */ = {isa = PBXFileReference; lastKnownFileType = sourcecode.swift; path = ChatModule.swift; sourceTree = "<group>"; };
		D412BE682C43A91D003BA88D /* ChatListView.swift */ = {isa = PBXFileReference; lastKnownFileType = sourcecode.swift; path = ChatListView.swift; sourceTree = "<group>"; };
		D412BE6A2C43A939003BA88D /* ChatDetailView.swift */ = {isa = PBXFileReference; lastKnownFileType = sourcecode.swift; path = ChatDetailView.swift; sourceTree = "<group>"; };
		D4873F6A2C58B2C800F428C6 /* InMemoryChatService.swift */ = {isa = PBXFileReference; lastKnownFileType = sourcecode.swift; path = InMemoryChatService.swift; sourceTree = "<group>"; };
		D4873F6C2C5B529F00F428C6 /* User.swift */ = {isa = PBXFileReference; lastKnownFileType = sourcecode.swift; path = User.swift; sourceTree = "<group>"; };
		D4873F6F2C5B52D400F428C6 /* Message.swift */ = {isa = PBXFileReference; fileEncoding = 4; lastKnownFileType = sourcecode.swift; path = Message.swift; sourceTree = "<group>"; };
		D4873F732C5B531F00F428C6 /* ChatListViewModel.swift */ = {isa = PBXFileReference; lastKnownFileType = sourcecode.swift; path = ChatListViewModel.swift; sourceTree = "<group>"; };
		D4873F752C5B5A5900F428C6 /* UserTitleView.swift */ = {isa = PBXFileReference; lastKnownFileType = sourcecode.swift; path = UserTitleView.swift; sourceTree = "<group>"; };
		D4873F772C602B0300F428C6 /* Chat.swift */ = {isa = PBXFileReference; lastKnownFileType = sourcecode.swift; path = Chat.swift; sourceTree = "<group>"; };
		D4B260572C52185900DA94D1 /* ChatDetailViewModel.swift */ = {isa = PBXFileReference; lastKnownFileType = sourcecode.swift; path = ChatDetailViewModel.swift; sourceTree = "<group>"; };
		D4B260592C5219B800DA94D1 /* ChatService.swift */ = {isa = PBXFileReference; lastKnownFileType = sourcecode.swift; path = ChatService.swift; sourceTree = "<group>"; };
		D4B2605B2C521A6F00DA94D1 /* APIChatService.swift */ = {isa = PBXFileReference; lastKnownFileType = sourcecode.swift; path = APIChatService.swift; sourceTree = "<group>"; };
/* End PBXFileReference section */

/* Begin PBXFrameworksBuildPhase section */
		BFDE29722BF47BD300B2C76A /* Frameworks */ = {
			isa = PBXFrameworksBuildPhase;
			buildActionMask = 2147483647;
			files = (
				BF1B77B62BFDB38E00DF8583 /* ProjectI in Frameworks */,
				BF1B77A32BFD877C00DF8583 /* ModuleKit in Frameworks */,
			);
			runOnlyForDeploymentPostprocessing = 0;
		};
		BFDE29832BF47BD400B2C76A /* Frameworks */ = {
			isa = PBXFrameworksBuildPhase;
			buildActionMask = 2147483647;
			files = (
			);
			runOnlyForDeploymentPostprocessing = 0;
		};
		BFDE298D2BF47BD400B2C76A /* Frameworks */ = {
			isa = PBXFrameworksBuildPhase;
			buildActionMask = 2147483647;
			files = (
			);
			runOnlyForDeploymentPostprocessing = 0;
		};
/* End PBXFrameworksBuildPhase section */

/* Begin PBXGroup section */
		BF116A6C2C1C076C00C90267 /* TodoModule */ = {
			isa = PBXGroup;
			children = (
				BF116A6A2C1C056D00C90267 /* TodoModule.swift */,
				BF116A6D2C1C07AC00C90267 /* TodoListView.swift */,
				BF116A6F2C1C07C100C90267 /* TodoListViewModel.swift */,
				BF116A712C1C07F600C90267 /* TodoDetailView.swift */,
				BF116A732C1C080B00C90267 /* TodoDetailViewModel.swift */,
				BF116A752C1C0F4B00C90267 /* TodoCreateView.swift */,
				BF116A772C1C105100C90267 /* TodoCreateViewModel.swift */,
			);
			path = TodoModule;
			sourceTree = "<group>";
		};
		BF1B77AC2BFD8F0600DF8583 /* Services */ = {
			isa = PBXGroup;
			children = (
				BF6B9A2E2BF481D800C6F64A /* WebSocketService.swift */,
				BF6B9A2C2BF481D800C6F64A /* APIGatewayWebSocketService.swift */,
				BF1B77992BFC6B9700DF8583 /* AuthService.swift */,
				BF1B779B2BFC6C3C00DF8583 /* CognitoAuthService.swift */,
				BF116A792C1C14B500C90267 /* TodoService.swift */,
				BF116A7B2C1C153C00C90267 /* InMemoryTodoService.swift */,
				BF5794772C1FF1AF00A54D68 /* APITodoService.swift */,
				BFBAC8392C59F98600925A1A /* InMemoryAuthService.swift */,
				BFC867072C61DF7200F47B47 /* AppStateService.swift */,
				BFC867092C61E00000F47B47 /* DefaultAppStateService.swift */,
			);
			path = Services;
			sourceTree = "<group>";
		};
		BF1B77AD2BFD8F1A00DF8583 /* Modules */ = {
			isa = PBXGroup;
			children = (
				BF470AB12D0D5C1300BFFC5D /* WorkoutModule */,
				D412BE652C43A8E9003BA88D /* ChatModule */,
				BF1F74722C327C260064ED09 /* FriendsListModule */,
				BF116A6C2C1C076C00C90267 /* TodoModule */,
				BF1B77AE2BFD8F8700DF8583 /* PomodoroModule */,
				BF1B77A42BFD88D900DF8583 /* MainModule.swift */,
				BF1B77A62BFD8AE400DF8583 /* SettingsModule.swift */,
				BF1B77AA2BFD8D9700DF8583 /* LoginModule.swift */,
				BF1B77AF2BFD903E00DF8583 /* SignUpModule.swift */,
			);
			path = Modules;
			sourceTree = "<group>";
		};
		BF1B77AE2BFD8F8700DF8583 /* PomodoroModule */ = {
			isa = PBXGroup;
			children = (
				BF6B9A292BF481D800C6F64A /* MenuBarController.swift */,
				BF6B9A2B2BF481D800C6F64A /* PomodoroController.swift */,
				BF6B9A282BF481D800C6F64A /* PomodoroTimer.swift */,
				BF6B9A2D2BF481D800C6F64A /* TimerView.swift */,
				BF6B9A2A2BF481D800C6F64A /* TimerViewModel.swift */,
				BF1B77B12BFD963100DF8583 /* PomodoroModule.swift */,
				BF1B77B72BFDC67300DF8583 /* PomodoroRemoteView.swift */,
				BF1B77B92BFDC69700DF8583 /* PomodoroView.swift */,
			);
			path = PomodoroModule;
			sourceTree = "<group>";
		};
		BF1B77B42BFDB38E00DF8583 /* Frameworks */ = {
			isa = PBXGroup;
			children = (
			);
			name = Frameworks;
			sourceTree = "<group>";
		};
		BF1F74722C327C260064ED09 /* FriendsListModule */ = {
			isa = PBXGroup;
			children = (
				BF1F74732C327C380064ED09 /* FriendsListModule.swift */,
				BF1F74752C327C490064ED09 /* FriendsListView.swift */,
				BF1F74772C3280380064ED09 /* FriendsService.swift */,
				BF1F74792C3280510064ED09 /* FriendsAPIService.swift */,
				BF1F747B2C32806F0064ED09 /* InMemoryFriendsService.swift */,
			);
			path = FriendsListModule;
			sourceTree = "<group>";
		};
		BF470AB12D0D5C1300BFFC5D /* WorkoutModule */ = {
			isa = PBXGroup;
			children = (
				BF470AB32D0D5C5200BFFC5D /* Model.swift */,
				BF470AB52D0D5C7C00BFFC5D /* WorkoutModule.swift */,
				BF470AB72D0D5C8800BFFC5D /* HistoryScreen.swift */,
				BF470AB92D0D5C9400BFFC5D /* RecordWorkoutScreen.swift */,
				BF470ABB2D0D713E00BFFC5D /* WorkoutDetailScreen.swift */,
			);
			path = WorkoutModule;
			sourceTree = "<group>";
		};
		BFDE296C2BF47BD300B2C76A = {
			isa = PBXGroup;
			children = (
				BFDE29772BF47BD300B2C76A /* PomodoroApp */,
				BFDE29892BF47BD400B2C76A /* PomodoroAppTests */,
				BFDE29932BF47BD400B2C76A /* PomodoroAppUITests */,
				BFDE29762BF47BD300B2C76A /* Products */,
				BF1B77B42BFDB38E00DF8583 /* Frameworks */,
			);
			sourceTree = "<group>";
		};
		BFDE29762BF47BD300B2C76A /* Products */ = {
			isa = PBXGroup;
			children = (
				BFDE29752BF47BD300B2C76A /* PomodoroApp.app */,
				BFDE29862BF47BD400B2C76A /* PomodoroAppTests.xctest */,
				BFDE29902BF47BD400B2C76A /* PomodoroAppUITests.xctest */,
			);
			name = Products;
			sourceTree = "<group>";
		};
		BFDE29772BF47BD300B2C76A /* PomodoroApp */ = {
			isa = PBXGroup;
			children = (
				BF1B77AD2BFD8F1A00DF8583 /* Modules */,
				BF1B77AC2BFD8F0600DF8583 /* Services */,
				BF6B9A362BF4824600C6F64A /* Info.plist */,
				BFDE29782BF47BD300B2C76A /* MainApp.swift */,
				BFDE297C2BF47BD400B2C76A /* Assets.xcassets */,
				BFDE297E2BF47BD400B2C76A /* PomodoroApp.entitlements */,
				BFDE297F2BF47BD400B2C76A /* Preview Content */,
			);
			path = PomodoroApp;
			sourceTree = "<group>";
		};
		BFDE297F2BF47BD400B2C76A /* Preview Content */ = {
			isa = PBXGroup;
			children = (
				BFDE29802BF47BD400B2C76A /* Preview Assets.xcassets */,
			);
			path = "Preview Content";
			sourceTree = "<group>";
		};
		BFDE29892BF47BD400B2C76A /* PomodoroAppTests */ = {
			isa = PBXGroup;
			children = (
				BFDE298A2BF47BD400B2C76A /* PomodoroAppTests.swift */,
			);
			path = PomodoroAppTests;
			sourceTree = "<group>";
		};
		BFDE29932BF47BD400B2C76A /* PomodoroAppUITests */ = {
			isa = PBXGroup;
			children = (
				BFDE29942BF47BD400B2C76A /* PomodoroAppUITests.swift */,
				BFDE29962BF47BD400B2C76A /* PomodoroAppUITestsLaunchTests.swift */,
			);
			path = PomodoroAppUITests;
			sourceTree = "<group>";
		};
		D412BE652C43A8E9003BA88D /* ChatModule */ = {
			isa = PBXGroup;
			children = (
				D412BE662C43A903003BA88D /* ChatModule.swift */,
				D4B2605D2C521A7B00DA94D1 /* ChatService */,
				D4873F6E2C5B52B200F428C6 /* Models */,
				D4873F712C5B52F000F428C6 /* Views */,
				D4873F722C5B530E00F428C6 /* ViewModels */,
			);
			path = ChatModule;
			sourceTree = "<group>";
		};
		D4873F6E2C5B52B200F428C6 /* Models */ = {
			isa = PBXGroup;
			children = (
				D4873F6F2C5B52D400F428C6 /* Message.swift */,
				D4873F772C602B0300F428C6 /* Chat.swift */,
				D4873F6C2C5B529F00F428C6 /* User.swift */,
			);
			path = Models;
			sourceTree = "<group>";
		};
		D4873F712C5B52F000F428C6 /* Views */ = {
			isa = PBXGroup;
			children = (
				D412BE682C43A91D003BA88D /* ChatListView.swift */,
				D4873F752C5B5A5900F428C6 /* UserTitleView.swift */,
				D412BE6A2C43A939003BA88D /* ChatDetailView.swift */,
			);
			path = Views;
			sourceTree = "<group>";
		};
		D4873F722C5B530E00F428C6 /* ViewModels */ = {
			isa = PBXGroup;
			children = (
				D4B260572C52185900DA94D1 /* ChatDetailViewModel.swift */,
				D4873F732C5B531F00F428C6 /* ChatListViewModel.swift */,
			);
			path = ViewModels;
			sourceTree = "<group>";
		};
		D4B2605D2C521A7B00DA94D1 /* ChatService */ = {
			isa = PBXGroup;
			children = (
				D4B260592C5219B800DA94D1 /* ChatService.swift */,
				D4873F6A2C58B2C800F428C6 /* InMemoryChatService.swift */,
				D4B2605B2C521A6F00DA94D1 /* APIChatService.swift */,
			);
			path = ChatService;
			sourceTree = "<group>";
		};
/* End PBXGroup section */

/* Begin PBXNativeTarget section */
		BFDE29742BF47BD300B2C76A /* PomodoroApp */ = {
			isa = PBXNativeTarget;
			buildConfigurationList = BFDE299A2BF47BD400B2C76A /* Build configuration list for PBXNativeTarget "PomodoroApp" */;
			buildPhases = (
				BFDE29712BF47BD300B2C76A /* Sources */,
				BFDE29722BF47BD300B2C76A /* Frameworks */,
				BFDE29732BF47BD300B2C76A /* Resources */,
			);
			buildRules = (
			);
			dependencies = (
			);
			name = PomodoroApp;
			packageProductDependencies = (
				BF1B77A22BFD877C00DF8583 /* ModuleKit */,
				BF1B77B52BFDB38E00DF8583 /* ProjectI */,
			);
			productName = PomodoroApp;
			productReference = BFDE29752BF47BD300B2C76A /* PomodoroApp.app */;
			productType = "com.apple.product-type.application";
		};
		BFDE29852BF47BD400B2C76A /* PomodoroAppTests */ = {
			isa = PBXNativeTarget;
			buildConfigurationList = BFDE299D2BF47BD400B2C76A /* Build configuration list for PBXNativeTarget "PomodoroAppTests" */;
			buildPhases = (
				BFDE29822BF47BD400B2C76A /* Sources */,
				BFDE29832BF47BD400B2C76A /* Frameworks */,
				BFDE29842BF47BD400B2C76A /* Resources */,
			);
			buildRules = (
			);
			dependencies = (
				BFDE29882BF47BD400B2C76A /* PBXTargetDependency */,
			);
			name = PomodoroAppTests;
			productName = PomodoroAppTests;
			productReference = BFDE29862BF47BD400B2C76A /* PomodoroAppTests.xctest */;
			productType = "com.apple.product-type.bundle.unit-test";
		};
		BFDE298F2BF47BD400B2C76A /* PomodoroAppUITests */ = {
			isa = PBXNativeTarget;
			buildConfigurationList = BFDE29A02BF47BD400B2C76A /* Build configuration list for PBXNativeTarget "PomodoroAppUITests" */;
			buildPhases = (
				BFDE298C2BF47BD400B2C76A /* Sources */,
				BFDE298D2BF47BD400B2C76A /* Frameworks */,
				BFDE298E2BF47BD400B2C76A /* Resources */,
			);
			buildRules = (
			);
			dependencies = (
				BFDE29922BF47BD400B2C76A /* PBXTargetDependency */,
			);
			name = PomodoroAppUITests;
			productName = PomodoroAppUITests;
			productReference = BFDE29902BF47BD400B2C76A /* PomodoroAppUITests.xctest */;
			productType = "com.apple.product-type.bundle.ui-testing";
		};
/* End PBXNativeTarget section */

/* Begin PBXProject section */
		BFDE296D2BF47BD300B2C76A /* Project object */ = {
			isa = PBXProject;
			attributes = {
				BuildIndependentTargetsInParallel = 1;
				LastSwiftUpdateCheck = 1530;
				LastUpgradeCheck = 1540;
				TargetAttributes = {
					BFDE29742BF47BD300B2C76A = {
						CreatedOnToolsVersion = 15.3;
					};
					BFDE29852BF47BD400B2C76A = {
						CreatedOnToolsVersion = 15.3;
						TestTargetID = BFDE29742BF47BD300B2C76A;
					};
					BFDE298F2BF47BD400B2C76A = {
						CreatedOnToolsVersion = 15.3;
						TestTargetID = BFDE29742BF47BD300B2C76A;
					};
				};
			};
			buildConfigurationList = BFDE29702BF47BD300B2C76A /* Build configuration list for PBXProject "PomodoroApp" */;
			compatibilityVersion = "Xcode 14.0";
			developmentRegion = en;
			hasScannedForEncodings = 0;
			knownRegions = (
				en,
				Base,
			);
			mainGroup = BFDE296C2BF47BD300B2C76A;
			packageReferences = (
				BF1B77A12BFD877C00DF8583 /* XCRemoteSwiftPackageReference "ModuleKit" */,
				BF1B77B32BFDB28C00DF8583 /* XCRemoteSwiftPackageReference "ProjectI" */,
			);
			productRefGroup = BFDE29762BF47BD300B2C76A /* Products */;
			projectDirPath = "";
			projectRoot = "";
			targets = (
				BFDE29742BF47BD300B2C76A /* PomodoroApp */,
				BFDE29852BF47BD400B2C76A /* PomodoroAppTests */,
				BFDE298F2BF47BD400B2C76A /* PomodoroAppUITests */,
			);
		};
/* End PBXProject section */

/* Begin PBXResourcesBuildPhase section */
		BFDE29732BF47BD300B2C76A /* Resources */ = {
			isa = PBXResourcesBuildPhase;
			buildActionMask = 2147483647;
			files = (
				BFDE29812BF47BD400B2C76A /* Preview Assets.xcassets in Resources */,
				BFDE297D2BF47BD400B2C76A /* Assets.xcassets in Resources */,
			);
			runOnlyForDeploymentPostprocessing = 0;
		};
		BFDE29842BF47BD400B2C76A /* Resources */ = {
			isa = PBXResourcesBuildPhase;
			buildActionMask = 2147483647;
			files = (
			);
			runOnlyForDeploymentPostprocessing = 0;
		};
		BFDE298E2BF47BD400B2C76A /* Resources */ = {
			isa = PBXResourcesBuildPhase;
			buildActionMask = 2147483647;
			files = (
			);
			runOnlyForDeploymentPostprocessing = 0;
		};
/* End PBXResourcesBuildPhase section */

/* Begin PBXSourcesBuildPhase section */
		BFDE29712BF47BD300B2C76A /* Sources */ = {
			isa = PBXSourcesBuildPhase;
			buildActionMask = 2147483647;
			files = (
				BF1B77A52BFD88D900DF8583 /* MainModule.swift in Sources */,
				D4873F6B2C58B2C800F428C6 /* InMemoryChatService.swift in Sources */,
				D4873F762C5B5A5900F428C6 /* UserTitleView.swift in Sources */,
				BF6B9A352BF481D800C6F64A /* MenuBarController.swift in Sources */,
				BF116A6E2C1C07AC00C90267 /* TodoListView.swift in Sources */,
				BF1F747C2C32806F0064ED09 /* InMemoryFriendsService.swift in Sources */,
				BF1B77A72BFD8AE400DF8583 /* SettingsModule.swift in Sources */,
				BF470ABA2D0D5C9400BFFC5D /* RecordWorkoutScreen.swift in Sources */,
				D4B2605C2C521A6F00DA94D1 /* APIChatService.swift in Sources */,
				BF470AB82D0D5C8800BFFC5D /* HistoryScreen.swift in Sources */,
				BF1B779C2BFC6C3C00DF8583 /* CognitoAuthService.swift in Sources */,
				BF6B9A2F2BF481D800C6F64A /* WebSocketService.swift in Sources */,
				BF1B77B22BFD963100DF8583 /* PomodoroModule.swift in Sources */,
				D4873F702C5B52D400F428C6 /* Message.swift in Sources */,
				D4873F742C5B531F00F428C6 /* ChatListViewModel.swift in Sources */,
				D4873F782C602B0300F428C6 /* Chat.swift in Sources */,
				BF1F74782C3280380064ED09 /* FriendsService.swift in Sources */,
				BF116A7A2C1C14B500C90267 /* TodoService.swift in Sources */,
				BF5794782C1FF1AF00A54D68 /* APITodoService.swift in Sources */,
				BF1B77B82BFDC67300DF8583 /* PomodoroRemoteView.swift in Sources */,
				BF6B9A332BF481D800C6F64A /* APIGatewayWebSocketService.swift in Sources */,
				BF116A742C1C080B00C90267 /* TodoDetailViewModel.swift in Sources */,
				BF6B9A312BF481D800C6F64A /* PomodoroTimer.swift in Sources */,
				BF1F747A2C3280510064ED09 /* FriendsAPIService.swift in Sources */,
				BF1B77BA2BFDC69700DF8583 /* PomodoroView.swift in Sources */,
				BF116A762C1C0F4B00C90267 /* TodoCreateView.swift in Sources */,
				D4873F6D2C5B529F00F428C6 /* User.swift in Sources */,
				BF1B779A2BFC6B9700DF8583 /* AuthService.swift in Sources */,
				BFBAC83A2C59F98600925A1A /* InMemoryAuthService.swift in Sources */,
				BF6B9A302BF481D800C6F64A /* TimerView.swift in Sources */,
				BF1B77B02BFD903E00DF8583 /* SignUpModule.swift in Sources */,
				D412BE672C43A903003BA88D /* ChatModule.swift in Sources */,
				BFC8670A2C61E00000F47B47 /* DefaultAppStateService.swift in Sources */,
				BF6B9A342BF481D800C6F64A /* TimerViewModel.swift in Sources */,
				BF116A702C1C07C100C90267 /* TodoListViewModel.swift in Sources */,
				D4B2605A2C5219B800DA94D1 /* ChatService.swift in Sources */,
				BF1B77AB2BFD8D9700DF8583 /* LoginModule.swift in Sources */,
				BF1F74762C327C490064ED09 /* FriendsListView.swift in Sources */,
				BF6B9A322BF481D800C6F64A /* PomodoroController.swift in Sources */,
				BF116A7C2C1C153C00C90267 /* InMemoryTodoService.swift in Sources */,
				BF1F74742C327C380064ED09 /* FriendsListModule.swift in Sources */,
				BF470AB42D0D5C5200BFFC5D /* Model.swift in Sources */,
				BF116A722C1C07F600C90267 /* TodoDetailView.swift in Sources */,
				BF116A782C1C105100C90267 /* TodoCreateViewModel.swift in Sources */,
				D412BE692C43A91D003BA88D /* ChatListView.swift in Sources */,
				BFDE29792BF47BD300B2C76A /* MainApp.swift in Sources */,
				BF470ABC2D0D713E00BFFC5D /* WorkoutDetailScreen.swift in Sources */,
				BFC867082C61DF7200F47B47 /* AppStateService.swift in Sources */,
				BF116A6B2C1C056D00C90267 /* TodoModule.swift in Sources */,
				D4B260582C52185900DA94D1 /* ChatDetailViewModel.swift in Sources */,
				D412BE6B2C43A939003BA88D /* ChatDetailView.swift in Sources */,
				BF470AB62D0D5C7C00BFFC5D /* WorkoutModule.swift in Sources */,
			);
			runOnlyForDeploymentPostprocessing = 0;
		};
		BFDE29822BF47BD400B2C76A /* Sources */ = {
			isa = PBXSourcesBuildPhase;
			buildActionMask = 2147483647;
			files = (
				BFDE298B2BF47BD400B2C76A /* PomodoroAppTests.swift in Sources */,
			);
			runOnlyForDeploymentPostprocessing = 0;
		};
		BFDE298C2BF47BD400B2C76A /* Sources */ = {
			isa = PBXSourcesBuildPhase;
			buildActionMask = 2147483647;
			files = (
				BFDE29952BF47BD400B2C76A /* PomodoroAppUITests.swift in Sources */,
				BFDE29972BF47BD400B2C76A /* PomodoroAppUITestsLaunchTests.swift in Sources */,
			);
			runOnlyForDeploymentPostprocessing = 0;
		};
/* End PBXSourcesBuildPhase section */

/* Begin PBXTargetDependency section */
		BFDE29882BF47BD400B2C76A /* PBXTargetDependency */ = {
			isa = PBXTargetDependency;
			target = BFDE29742BF47BD300B2C76A /* PomodoroApp */;
			targetProxy = BFDE29872BF47BD400B2C76A /* PBXContainerItemProxy */;
		};
		BFDE29922BF47BD400B2C76A /* PBXTargetDependency */ = {
			isa = PBXTargetDependency;
			target = BFDE29742BF47BD300B2C76A /* PomodoroApp */;
			targetProxy = BFDE29912BF47BD400B2C76A /* PBXContainerItemProxy */;
		};
/* End PBXTargetDependency section */

/* Begin XCBuildConfiguration section */
		BFDE29982BF47BD400B2C76A /* Debug */ = {
			isa = XCBuildConfiguration;
			buildSettings = {
				ALWAYS_SEARCH_USER_PATHS = NO;
				ASSETCATALOG_COMPILER_GENERATE_SWIFT_ASSET_SYMBOL_EXTENSIONS = YES;
				CLANG_ANALYZER_NONNULL = YES;
				CLANG_ANALYZER_NUMBER_OBJECT_CONVERSION = YES_AGGRESSIVE;
				CLANG_CXX_LANGUAGE_STANDARD = "gnu++20";
				CLANG_ENABLE_MODULES = YES;
				CLANG_ENABLE_OBJC_ARC = YES;
				CLANG_ENABLE_OBJC_WEAK = YES;
				CLANG_WARN_BLOCK_CAPTURE_AUTORELEASING = YES;
				CLANG_WARN_BOOL_CONVERSION = YES;
				CLANG_WARN_COMMA = YES;
				CLANG_WARN_CONSTANT_CONVERSION = YES;
				CLANG_WARN_DEPRECATED_OBJC_IMPLEMENTATIONS = YES;
				CLANG_WARN_DIRECT_OBJC_ISA_USAGE = YES_ERROR;
				CLANG_WARN_DOCUMENTATION_COMMENTS = YES;
				CLANG_WARN_EMPTY_BODY = YES;
				CLANG_WARN_ENUM_CONVERSION = YES;
				CLANG_WARN_INFINITE_RECURSION = YES;
				CLANG_WARN_INT_CONVERSION = YES;
				CLANG_WARN_NON_LITERAL_NULL_CONVERSION = YES;
				CLANG_WARN_OBJC_IMPLICIT_RETAIN_SELF = YES;
				CLANG_WARN_OBJC_LITERAL_CONVERSION = YES;
				CLANG_WARN_OBJC_ROOT_CLASS = YES_ERROR;
				CLANG_WARN_QUOTED_INCLUDE_IN_FRAMEWORK_HEADER = YES;
				CLANG_WARN_RANGE_LOOP_ANALYSIS = YES;
				CLANG_WARN_STRICT_PROTOTYPES = YES;
				CLANG_WARN_SUSPICIOUS_MOVE = YES;
				CLANG_WARN_UNGUARDED_AVAILABILITY = YES_AGGRESSIVE;
				CLANG_WARN_UNREACHABLE_CODE = YES;
				CLANG_WARN__DUPLICATE_METHOD_MATCH = YES;
				COPY_PHASE_STRIP = NO;
				DEAD_CODE_STRIPPING = YES;
				DEBUG_INFORMATION_FORMAT = dwarf;
				ENABLE_STRICT_OBJC_MSGSEND = YES;
				ENABLE_TESTABILITY = YES;
				ENABLE_USER_SCRIPT_SANDBOXING = YES;
				GCC_C_LANGUAGE_STANDARD = gnu17;
				GCC_DYNAMIC_NO_PIC = NO;
				GCC_NO_COMMON_BLOCKS = YES;
				GCC_OPTIMIZATION_LEVEL = 0;
				GCC_PREPROCESSOR_DEFINITIONS = (
					"DEBUG=1",
					"$(inherited)",
				);
				GCC_WARN_64_TO_32_BIT_CONVERSION = YES;
				GCC_WARN_ABOUT_RETURN_TYPE = YES_ERROR;
				GCC_WARN_UNDECLARED_SELECTOR = YES;
				GCC_WARN_UNINITIALIZED_AUTOS = YES_AGGRESSIVE;
				GCC_WARN_UNUSED_FUNCTION = YES;
				GCC_WARN_UNUSED_VARIABLE = YES;
				LOCALIZATION_PREFERS_STRING_CATALOGS = YES;
				MTL_ENABLE_DEBUG_INFO = INCLUDE_SOURCE;
				MTL_FAST_MATH = YES;
				ONLY_ACTIVE_ARCH = YES;
				SWIFT_ACTIVE_COMPILATION_CONDITIONS = "DEBUG $(inherited)";
				SWIFT_OPTIMIZATION_LEVEL = "-Onone";
			};
			name = Debug;
		};
		BFDE29992BF47BD400B2C76A /* Release */ = {
			isa = XCBuildConfiguration;
			buildSettings = {
				ALWAYS_SEARCH_USER_PATHS = NO;
				ASSETCATALOG_COMPILER_GENERATE_SWIFT_ASSET_SYMBOL_EXTENSIONS = YES;
				CLANG_ANALYZER_NONNULL = YES;
				CLANG_ANALYZER_NUMBER_OBJECT_CONVERSION = YES_AGGRESSIVE;
				CLANG_CXX_LANGUAGE_STANDARD = "gnu++20";
				CLANG_ENABLE_MODULES = YES;
				CLANG_ENABLE_OBJC_ARC = YES;
				CLANG_ENABLE_OBJC_WEAK = YES;
				CLANG_WARN_BLOCK_CAPTURE_AUTORELEASING = YES;
				CLANG_WARN_BOOL_CONVERSION = YES;
				CLANG_WARN_COMMA = YES;
				CLANG_WARN_CONSTANT_CONVERSION = YES;
				CLANG_WARN_DEPRECATED_OBJC_IMPLEMENTATIONS = YES;
				CLANG_WARN_DIRECT_OBJC_ISA_USAGE = YES_ERROR;
				CLANG_WARN_DOCUMENTATION_COMMENTS = YES;
				CLANG_WARN_EMPTY_BODY = YES;
				CLANG_WARN_ENUM_CONVERSION = YES;
				CLANG_WARN_INFINITE_RECURSION = YES;
				CLANG_WARN_INT_CONVERSION = YES;
				CLANG_WARN_NON_LITERAL_NULL_CONVERSION = YES;
				CLANG_WARN_OBJC_IMPLICIT_RETAIN_SELF = YES;
				CLANG_WARN_OBJC_LITERAL_CONVERSION = YES;
				CLANG_WARN_OBJC_ROOT_CLASS = YES_ERROR;
				CLANG_WARN_QUOTED_INCLUDE_IN_FRAMEWORK_HEADER = YES;
				CLANG_WARN_RANGE_LOOP_ANALYSIS = YES;
				CLANG_WARN_STRICT_PROTOTYPES = YES;
				CLANG_WARN_SUSPICIOUS_MOVE = YES;
				CLANG_WARN_UNGUARDED_AVAILABILITY = YES_AGGRESSIVE;
				CLANG_WARN_UNREACHABLE_CODE = YES;
				CLANG_WARN__DUPLICATE_METHOD_MATCH = YES;
				COPY_PHASE_STRIP = NO;
				DEAD_CODE_STRIPPING = YES;
				DEBUG_INFORMATION_FORMAT = "dwarf-with-dsym";
				ENABLE_NS_ASSERTIONS = NO;
				ENABLE_STRICT_OBJC_MSGSEND = YES;
				ENABLE_USER_SCRIPT_SANDBOXING = YES;
				GCC_C_LANGUAGE_STANDARD = gnu17;
				GCC_NO_COMMON_BLOCKS = YES;
				GCC_WARN_64_TO_32_BIT_CONVERSION = YES;
				GCC_WARN_ABOUT_RETURN_TYPE = YES_ERROR;
				GCC_WARN_UNDECLARED_SELECTOR = YES;
				GCC_WARN_UNINITIALIZED_AUTOS = YES_AGGRESSIVE;
				GCC_WARN_UNUSED_FUNCTION = YES;
				GCC_WARN_UNUSED_VARIABLE = YES;
				LOCALIZATION_PREFERS_STRING_CATALOGS = YES;
				MTL_ENABLE_DEBUG_INFO = NO;
				MTL_FAST_MATH = YES;
				SWIFT_COMPILATION_MODE = wholemodule;
			};
			name = Release;
		};
		BFDE299B2BF47BD400B2C76A /* Debug */ = {
			isa = XCBuildConfiguration;
			buildSettings = {
				ASSETCATALOG_COMPILER_APPICON_NAME = AppIcon;
				ASSETCATALOG_COMPILER_GLOBAL_ACCENT_COLOR_NAME = AccentColor;
				CODE_SIGN_ENTITLEMENTS = PomodoroApp/PomodoroApp.entitlements;
				CODE_SIGN_STYLE = Automatic;
				CURRENT_PROJECT_VERSION = 1;
				DEAD_CODE_STRIPPING = YES;
				DEVELOPMENT_ASSET_PATHS = "\"PomodoroApp/Preview Content\"";
				ENABLE_PREVIEWS = YES;
				GENERATE_INFOPLIST_FILE = YES;
				INFOPLIST_FILE = PomodoroApp/Info.plist;
				"INFOPLIST_KEY_UIApplicationSceneManifest_Generation[sdk=iphoneos*]" = YES;
				"INFOPLIST_KEY_UIApplicationSceneManifest_Generation[sdk=iphonesimulator*]" = YES;
				"INFOPLIST_KEY_UIApplicationSupportsIndirectInputEvents[sdk=iphoneos*]" = YES;
				"INFOPLIST_KEY_UIApplicationSupportsIndirectInputEvents[sdk=iphonesimulator*]" = YES;
				"INFOPLIST_KEY_UILaunchScreen_Generation[sdk=iphoneos*]" = YES;
				"INFOPLIST_KEY_UILaunchScreen_Generation[sdk=iphonesimulator*]" = YES;
				"INFOPLIST_KEY_UIStatusBarStyle[sdk=iphoneos*]" = UIStatusBarStyleDefault;
				"INFOPLIST_KEY_UIStatusBarStyle[sdk=iphonesimulator*]" = UIStatusBarStyleDefault;
				INFOPLIST_KEY_UISupportedInterfaceOrientations_iPad = "UIInterfaceOrientationPortrait UIInterfaceOrientationPortraitUpsideDown UIInterfaceOrientationLandscapeLeft UIInterfaceOrientationLandscapeRight";
				INFOPLIST_KEY_UISupportedInterfaceOrientations_iPhone = "UIInterfaceOrientationPortrait UIInterfaceOrientationLandscapeLeft UIInterfaceOrientationLandscapeRight";
				IPHONEOS_DEPLOYMENT_TARGET = 17.4;
				LD_RUNPATH_SEARCH_PATHS = "@executable_path/Frameworks";
				"LD_RUNPATH_SEARCH_PATHS[sdk=macosx*]" = "@executable_path/../Frameworks";
				MACOSX_DEPLOYMENT_TARGET = 14.1;
				MARKETING_VERSION = 1.0;
				PRODUCT_BUNDLE_IDENTIFIER = com.sambuo.PomodoroApp;
				PRODUCT_NAME = "$(TARGET_NAME)";
				SDKROOT = auto;
				SUPPORTED_PLATFORMS = "iphoneos iphonesimulator macosx";
				SWIFT_EMIT_LOC_STRINGS = YES;
				SWIFT_VERSION = 5.0;
				TARGETED_DEVICE_FAMILY = "1,2";
			};
			name = Debug;
		};
		BFDE299C2BF47BD400B2C76A /* Release */ = {
			isa = XCBuildConfiguration;
			buildSettings = {
				ASSETCATALOG_COMPILER_APPICON_NAME = AppIcon;
				ASSETCATALOG_COMPILER_GLOBAL_ACCENT_COLOR_NAME = AccentColor;
				CODE_SIGN_ENTITLEMENTS = PomodoroApp/PomodoroApp.entitlements;
				CODE_SIGN_STYLE = Automatic;
				CURRENT_PROJECT_VERSION = 1;
				DEAD_CODE_STRIPPING = YES;
				DEVELOPMENT_ASSET_PATHS = "\"PomodoroApp/Preview Content\"";
				ENABLE_PREVIEWS = YES;
				GENERATE_INFOPLIST_FILE = YES;
				INFOPLIST_FILE = PomodoroApp/Info.plist;
				"INFOPLIST_KEY_UIApplicationSceneManifest_Generation[sdk=iphoneos*]" = YES;
				"INFOPLIST_KEY_UIApplicationSceneManifest_Generation[sdk=iphonesimulator*]" = YES;
				"INFOPLIST_KEY_UIApplicationSupportsIndirectInputEvents[sdk=iphoneos*]" = YES;
				"INFOPLIST_KEY_UIApplicationSupportsIndirectInputEvents[sdk=iphonesimulator*]" = YES;
				"INFOPLIST_KEY_UILaunchScreen_Generation[sdk=iphoneos*]" = YES;
				"INFOPLIST_KEY_UILaunchScreen_Generation[sdk=iphonesimulator*]" = YES;
				"INFOPLIST_KEY_UIStatusBarStyle[sdk=iphoneos*]" = UIStatusBarStyleDefault;
				"INFOPLIST_KEY_UIStatusBarStyle[sdk=iphonesimulator*]" = UIStatusBarStyleDefault;
				INFOPLIST_KEY_UISupportedInterfaceOrientations_iPad = "UIInterfaceOrientationPortrait UIInterfaceOrientationPortraitUpsideDown UIInterfaceOrientationLandscapeLeft UIInterfaceOrientationLandscapeRight";
				INFOPLIST_KEY_UISupportedInterfaceOrientations_iPhone = "UIInterfaceOrientationPortrait UIInterfaceOrientationLandscapeLeft UIInterfaceOrientationLandscapeRight";
				IPHONEOS_DEPLOYMENT_TARGET = 17.4;
				LD_RUNPATH_SEARCH_PATHS = "@executable_path/Frameworks";
				"LD_RUNPATH_SEARCH_PATHS[sdk=macosx*]" = "@executable_path/../Frameworks";
				MACOSX_DEPLOYMENT_TARGET = 14.1;
				MARKETING_VERSION = 1.0;
				PRODUCT_BUNDLE_IDENTIFIER = com.sambuo.PomodoroApp;
				PRODUCT_NAME = "$(TARGET_NAME)";
				SDKROOT = auto;
				SUPPORTED_PLATFORMS = "iphoneos iphonesimulator macosx";
				SWIFT_EMIT_LOC_STRINGS = YES;
				SWIFT_VERSION = 5.0;
				TARGETED_DEVICE_FAMILY = "1,2";
			};
			name = Release;
		};
		BFDE299E2BF47BD400B2C76A /* Debug */ = {
			isa = XCBuildConfiguration;
			buildSettings = {
				ALWAYS_EMBED_SWIFT_STANDARD_LIBRARIES = YES;
				BUNDLE_LOADER = "$(TEST_HOST)";
				CODE_SIGN_STYLE = Automatic;
				CURRENT_PROJECT_VERSION = 1;
				DEAD_CODE_STRIPPING = YES;
				GENERATE_INFOPLIST_FILE = YES;
				IPHONEOS_DEPLOYMENT_TARGET = 17.4;
				MACOSX_DEPLOYMENT_TARGET = 14.1;
				MARKETING_VERSION = 1.0;
				PRODUCT_BUNDLE_IDENTIFIER = com.sambuo.PomodoroAppTests;
				PRODUCT_NAME = "$(TARGET_NAME)";
				SDKROOT = auto;
				SUPPORTED_PLATFORMS = "iphoneos iphonesimulator macosx";
				SWIFT_EMIT_LOC_STRINGS = NO;
				SWIFT_VERSION = 5.0;
				TARGETED_DEVICE_FAMILY = "1,2";
				TEST_HOST = "$(BUILT_PRODUCTS_DIR)/PomodoroApp.app/$(BUNDLE_EXECUTABLE_FOLDER_PATH)/PomodoroApp";
			};
			name = Debug;
		};
		BFDE299F2BF47BD400B2C76A /* Release */ = {
			isa = XCBuildConfiguration;
			buildSettings = {
				ALWAYS_EMBED_SWIFT_STANDARD_LIBRARIES = YES;
				BUNDLE_LOADER = "$(TEST_HOST)";
				CODE_SIGN_STYLE = Automatic;
				CURRENT_PROJECT_VERSION = 1;
				DEAD_CODE_STRIPPING = YES;
				GENERATE_INFOPLIST_FILE = YES;
				IPHONEOS_DEPLOYMENT_TARGET = 17.4;
				MACOSX_DEPLOYMENT_TARGET = 14.1;
				MARKETING_VERSION = 1.0;
				PRODUCT_BUNDLE_IDENTIFIER = com.sambuo.PomodoroAppTests;
				PRODUCT_NAME = "$(TARGET_NAME)";
				SDKROOT = auto;
				SUPPORTED_PLATFORMS = "iphoneos iphonesimulator macosx";
				SWIFT_EMIT_LOC_STRINGS = NO;
				SWIFT_VERSION = 5.0;
				TARGETED_DEVICE_FAMILY = "1,2";
				TEST_HOST = "$(BUILT_PRODUCTS_DIR)/PomodoroApp.app/$(BUNDLE_EXECUTABLE_FOLDER_PATH)/PomodoroApp";
			};
			name = Release;
		};
		BFDE29A12BF47BD400B2C76A /* Debug */ = {
			isa = XCBuildConfiguration;
			buildSettings = {
				ALWAYS_EMBED_SWIFT_STANDARD_LIBRARIES = YES;
				CODE_SIGN_STYLE = Automatic;
				CURRENT_PROJECT_VERSION = 1;
				DEAD_CODE_STRIPPING = YES;
				GENERATE_INFOPLIST_FILE = YES;
				IPHONEOS_DEPLOYMENT_TARGET = 17.4;
				MACOSX_DEPLOYMENT_TARGET = 14.1;
				MARKETING_VERSION = 1.0;
				PRODUCT_BUNDLE_IDENTIFIER = com.sambuo.PomodoroAppUITests;
				PRODUCT_NAME = "$(TARGET_NAME)";
				SDKROOT = auto;
				SUPPORTED_PLATFORMS = "iphoneos iphonesimulator macosx";
				SWIFT_EMIT_LOC_STRINGS = NO;
				SWIFT_VERSION = 5.0;
				TARGETED_DEVICE_FAMILY = "1,2";
				TEST_TARGET_NAME = PomodoroApp;
			};
			name = Debug;
		};
		BFDE29A22BF47BD400B2C76A /* Release */ = {
			isa = XCBuildConfiguration;
			buildSettings = {
				ALWAYS_EMBED_SWIFT_STANDARD_LIBRARIES = YES;
				CODE_SIGN_STYLE = Automatic;
				CURRENT_PROJECT_VERSION = 1;
				DEAD_CODE_STRIPPING = YES;
				GENERATE_INFOPLIST_FILE = YES;
				IPHONEOS_DEPLOYMENT_TARGET = 17.4;
				MACOSX_DEPLOYMENT_TARGET = 14.1;
				MARKETING_VERSION = 1.0;
				PRODUCT_BUNDLE_IDENTIFIER = com.sambuo.PomodoroAppUITests;
				PRODUCT_NAME = "$(TARGET_NAME)";
				SDKROOT = auto;
				SUPPORTED_PLATFORMS = "iphoneos iphonesimulator macosx";
				SWIFT_EMIT_LOC_STRINGS = NO;
				SWIFT_VERSION = 5.0;
				TARGETED_DEVICE_FAMILY = "1,2";
				TEST_TARGET_NAME = PomodoroApp;
			};
			name = Release;
		};
/* End XCBuildConfiguration section */

/* Begin XCConfigurationList section */
		BFDE29702BF47BD300B2C76A /* Build configuration list for PBXProject "PomodoroApp" */ = {
			isa = XCConfigurationList;
			buildConfigurations = (
				BFDE29982BF47BD400B2C76A /* Debug */,
				BFDE29992BF47BD400B2C76A /* Release */,
			);
			defaultConfigurationIsVisible = 0;
			defaultConfigurationName = Release;
		};
		BFDE299A2BF47BD400B2C76A /* Build configuration list for PBXNativeTarget "PomodoroApp" */ = {
			isa = XCConfigurationList;
			buildConfigurations = (
				BFDE299B2BF47BD400B2C76A /* Debug */,
				BFDE299C2BF47BD400B2C76A /* Release */,
			);
			defaultConfigurationIsVisible = 0;
			defaultConfigurationName = Release;
		};
		BFDE299D2BF47BD400B2C76A /* Build configuration list for PBXNativeTarget "PomodoroAppTests" */ = {
			isa = XCConfigurationList;
			buildConfigurations = (
				BFDE299E2BF47BD400B2C76A /* Debug */,
				BFDE299F2BF47BD400B2C76A /* Release */,
			);
			defaultConfigurationIsVisible = 0;
			defaultConfigurationName = Release;
		};
		BFDE29A02BF47BD400B2C76A /* Build configuration list for PBXNativeTarget "PomodoroAppUITests" */ = {
			isa = XCConfigurationList;
			buildConfigurations = (
				BFDE29A12BF47BD400B2C76A /* Debug */,
				BFDE29A22BF47BD400B2C76A /* Release */,
			);
			defaultConfigurationIsVisible = 0;
			defaultConfigurationName = Release;
		};
/* End XCConfigurationList section */

/* Begin XCRemoteSwiftPackageReference section */
		BF1B77A12BFD877C00DF8583 /* XCRemoteSwiftPackageReference "ModuleKit" */ = {
			isa = XCRemoteSwiftPackageReference;
			repositoryURL = "https://github.com/jsambuo/ModuleKit.git";
			requirement = {
				branch = main;
				kind = branch;
			};
		};
		BF1B77B32BFDB28C00DF8583 /* XCRemoteSwiftPackageReference "ProjectI" */ = {
			isa = XCRemoteSwiftPackageReference;
			repositoryURL = "https://github.com/jsambuo/ProjectI.git";
			requirement = {
				branch = main;
				kind = branch;
			};
		};
/* End XCRemoteSwiftPackageReference section */

/* Begin XCSwiftPackageProductDependency section */
		BF1B77A22BFD877C00DF8583 /* ModuleKit */ = {
			isa = XCSwiftPackageProductDependency;
			package = BF1B77A12BFD877C00DF8583 /* XCRemoteSwiftPackageReference "ModuleKit" */;
			productName = ModuleKit;
		};
		BF1B77B52BFDB38E00DF8583 /* ProjectI */ = {
			isa = XCSwiftPackageProductDependency;
			package = BF1B77B32BFDB28C00DF8583 /* XCRemoteSwiftPackageReference "ProjectI" */;
			productName = ProjectI;
		};
/* End XCSwiftPackageProductDependency section */
	};
	rootObject = BFDE296D2BF47BD300B2C76A /* Project object */;
}
